{
  "requires": true,
  "lockfileVersion": 1,
  "dependencies": {
    "preact": {
      "version": "10.0.1",
      "resolved": "https://registry.npmjs.org/preact/-/preact-10.0.1.tgz",
      "integrity": "sha512-lq7jo1rwwCd1YkiBcuOxRc3I0y1FZACa6O7tgNXt47QZJtSlLEE53f/FDNsLtiB2IVQTHbaey20TjSPmejhDyQ=="
    }
  }
}
