{
  "requires": true,
  "lockfileVersion": 1,
  "dependencies": {
    "preact": {
      "version": "10.0.4",
      "resolved": "https://registry.npmjs.org/preact/-/preact-10.0.4.tgz",
      "integrity": "sha512-x9QW91LVQZ4lkMZ8gOucyaW1414MEtgSC//JwlxR0nfq/QEdbaLQZrWFFWgjtGyNBBXg2P0TZ6u6W+XlpjcK2Q=="
    },
    "types": {
      "version": "0.1.1",
      "resolved": "https://registry.npmjs.org/types/-/types-0.1.1.tgz",
      "integrity": "sha1-hgxoWdETZik/g12Mla68+VApg44="
    }
  }
}
